<?xml version="1.0" encoding="utf-8"?>
<Project ToolsVersion="4.0" xmlns="http://schemas.microsoft.com/developer/msbuild/2003">
  <ItemGroup>
    <Filter Include="ソース ファイル">
      <UniqueIdentifier>{4FC737F1-C7A5-4376-A066-2A32D752A2FF}</UniqueIdentifier>
      <Extensions>cpp;c;cc;cxx;c++;cppm;ixx;def;odl;idl;hpj;bat;asm;asmx</Extensions>
    </Filter>
    <Filter Include="ヘッダー ファイル">
      <UniqueIdentifier>{93995380-89BD-4b04-88EB-625FBE52EBFB}</UniqueIdentifier>
      <Extensions>h;hh;hpp;hxx;h++;hm;inl;inc;ipp;xsd</Extensions>
    </Filter>
    <Filter Include="リソース ファイル">
      <UniqueIdentifier>{67DA6AB6-F800-4c08-8B7A-83BB121AAD01}</UniqueIdentifier>
      <Extensions>rc;ico;cur;bmp;dlg;rc2;rct;bin;rgs;gif;jpg;jpeg;jpe;resx;tiff;tif;png;wav;mfcribbon-ms</Extensions>
    </Filter>
    <Filter Include="framework">
      <UniqueIdentifier>{1b6b404b-5d42-4ba8-bbd8-bcf51cfb4d8b}</UniqueIdentifier>
    </Filter>
    <Filter Include="framework\directX">
      <UniqueIdentifier>{8cf274f5-d3c6-470f-9e51-7930c9143a94}</UniqueIdentifier>
    </Filter>
    <Filter Include="public">
      <UniqueIdentifier>{4ebd34c0-c13f-4c7d-96f9-92352c039c41}</UniqueIdentifier>
    </Filter>
    <Filter Include="public\object">
      <UniqueIdentifier>{18c9e5d3-5470-48d3-8794-f06293195362}</UniqueIdentifier>
    </Filter>
    <Filter Include="public\scene">
      <UniqueIdentifier>{44b2d077-0061-4716-a906-a528a812a2bd}</UniqueIdentifier>
    </Filter>
    <Filter Include="shader">
      <UniqueIdentifier>{50a0a003-3d2e-4a0e-8d4b-06b0afa93c1f}</UniqueIdentifier>
    </Filter>
  </ItemGroup>
  <ItemGroup>
    <ClCompile Include="framework\directX\san_Direct2D.cpp">
      <Filter>framework\directX</Filter>
    </ClCompile>
    <ClCompile Include="framework\directX\san_Direct3D.cpp">
      <Filter>framework\directX</Filter>
    </ClCompile>
    <ClCompile Include="framework\directX\san_DirectInput.cpp">
      <Filter>framework\directX</Filter>
    </ClCompile>
    <ClCompile Include="framework\directX\san_shader.cpp">
      <Filter>framework\directX</Filter>
    </ClCompile>
    <ClCompile Include="framework\directX\san_XAudio2.cpp">
      <Filter>framework\directX</Filter>
    </ClCompile>
    <ClCompile Include="framework\directX\san_XInput.cpp">
      <Filter>framework\directX</Filter>
    </ClCompile>
    <ClCompile Include="framework\san_camera.cpp">
      <Filter>framework</Filter>
    </ClCompile>
    <ClCompile Include="framework\san_debugDraw.cpp">
      <Filter>framework</Filter>
    </ClCompile>
    <ClCompile Include="framework\san_font.cpp">
      <Filter>framework</Filter>
    </ClCompile>
    <ClCompile Include="framework\san_joystick.cpp">
      <Filter>framework</Filter>
    </ClCompile>
    <ClCompile Include="framework\san_keyboard.cpp">
      <Filter>framework</Filter>
    </ClCompile>
    <ClCompile Include="framework\san_light.cpp">
      <Filter>framework</Filter>
    </ClCompile>
    <ClCompile Include="framework\san_mainframe.cpp">
      <Filter>framework</Filter>
    </ClCompile>
    <ClCompile Include="framework\san_mouse.cpp">
      <Filter>framework</Filter>
    </ClCompile>
    <ClCompile Include="framework\san_sound.cpp">
      <Filter>framework</Filter>
    </ClCompile>
    <ClCompile Include="public\object\cube.cpp">
      <Filter>public\object</Filter>
    </ClCompile>
    <ClCompile Include="public\scene\san_scene.cpp">
      <Filter>public\scene</Filter>
    </ClCompile>
    <ClCompile Include="public\scene\scene_billboard_test.cpp">
      <Filter>public\scene</Filter>
    </ClCompile>
    <ClCompile Include="public\scene\scene_boot.cpp">
      <Filter>public\scene</Filter>
    </ClCompile>
    <ClCompile Include="public\scene\scene_collision_test.cpp">
      <Filter>public\scene</Filter>
    </ClCompile>
    <ClCompile Include="public\scene\scene_cube_test.cpp">
      <Filter>public\scene</Filter>
    </ClCompile>
    <ClCompile Include="public\scene\scene_font_test.cpp">
      <Filter>public\scene</Filter>
    </ClCompile>
    <ClCompile Include="public\scene\scene_game_test.cpp">
      <Filter>public\scene</Filter>
    </ClCompile>
    <ClCompile Include="public\scene\scene_ground_test.cpp">
      <Filter>public\scene</Filter>
    </ClCompile>
    <ClCompile Include="public\scene\scene_joystick_test.cpp">
      <Filter>public\scene</Filter>
    </ClCompile>
    <ClCompile Include="public\scene\scene_model_test.cpp">
      <Filter>public\scene</Filter>
    </ClCompile>
    <ClCompile Include="public\scene\scene_pick_test.cpp">
      <Filter>public\scene</Filter>
    </ClCompile>
    <ClCompile Include="public\scene\scene_se_test.cpp">
      <Filter>public\scene</Filter>
    </ClCompile>
    <ClCompile Include="public\scene\scene_spherecollision_test.cpp">
      <Filter>public\scene</Filter>
    </ClCompile>
    <ClCompile Include="public\scene\scene_sprite_test.cpp">
      <Filter>public\scene</Filter>
    </ClCompile>
    <ClCompile Include="public\scene\scene_table.cpp">
      <Filter>public\scene</Filter>
    </ClCompile>
    <ClCompile Include="public\san_billboard.cpp">
      <Filter>public</Filter>
    </ClCompile>
    <ClCompile Include="public\san_collide.cpp">
      <Filter>public</Filter>
    </ClCompile>
    <ClCompile Include="public\san_model.cpp">
      <Filter>public</Filter>
    </ClCompile>
    <ClCompile Include="public\san_object.cpp">
      <Filter>public</Filter>
    </ClCompile>
    <ClCompile Include="public\san_sprite.cpp">
      <Filter>public</Filter>
    </ClCompile>
    <ClCompile Include="san_framework.cpp">
      <Filter>ソース ファイル</Filter>
    </ClCompile>
  </ItemGroup>
  <ItemGroup>
    <ClInclude Include="framework\directX\san_Direct2D.h">
      <Filter>framework\directX</Filter>
    </ClInclude>
    <ClInclude Include="framework\directX\san_Direct3D.h">
      <Filter>framework\directX</Filter>
    </ClInclude>
    <ClInclude Include="framework\directX\san_DirectInput.h">
      <Filter>framework\directX</Filter>
    </ClInclude>
    <ClInclude Include="framework\directX\san_shader.h">
      <Filter>framework\directX</Filter>
    </ClInclude>
    <ClInclude Include="framework\directX\san_XAudio2.h">
      <Filter>framework\directX</Filter>
    </ClInclude>
    <ClInclude Include="framework\directX\san_XInput.h">
      <Filter>framework\directX</Filter>
    </ClInclude>
    <ClInclude Include="framework\san_camera.h">
      <Filter>framework</Filter>
    </ClInclude>
    <ClInclude Include="framework\san_debugDraw.h">
      <Filter>framework</Filter>
    </ClInclude>
    <ClInclude Include="framework\san_environment.h">
      <Filter>framework</Filter>
    </ClInclude>
    <ClInclude Include="framework\san_font.h">
      <Filter>framework</Filter>
    </ClInclude>
    <ClInclude Include="framework\san_joystick.h">
      <Filter>framework</Filter>
    </ClInclude>
    <ClInclude Include="framework\san_keyboard.h">
      <Filter>framework</Filter>
    </ClInclude>
    <ClInclude Include="framework\san_light.h">
      <Filter>framework</Filter>
    </ClInclude>
    <ClInclude Include="framework\san_mainframe.h">
      <Filter>framework</Filter>
    </ClInclude>
    <ClInclude Include="framework\san_modelData.h">
      <Filter>framework</Filter>
    </ClInclude>
    <ClInclude Include="framework\san_mouse.h">
      <Filter>framework</Filter>
    </ClInclude>
    <ClInclude Include="framework\san_sound.h">
      <Filter>framework</Filter>
    </ClInclude>
    <ClInclude Include="public\object\cube.h">
      <Filter>public\object</Filter>
    </ClInclude>
    <ClInclude Include="public\scene\san_scene.h">
      <Filter>public\scene</Filter>
    </ClInclude>
    <ClInclude Include="public\scene\scene_billboard_test.h">
      <Filter>public\scene</Filter>
    </ClInclude>
    <ClInclude Include="public\scene\scene_boot.h">
      <Filter>public\scene</Filter>
    </ClInclude>
    <ClInclude Include="public\scene\scene_collision_test.h">
      <Filter>public\scene</Filter>
    </ClInclude>
    <ClInclude Include="public\scene\scene_cube_test.h">
      <Filter>public\scene</Filter>
    </ClInclude>
    <ClInclude Include="public\scene\scene_font_test.h">
      <Filter>public\scene</Filter>
    </ClInclude>
    <ClInclude Include="public\scene\scene_game_test.h">
      <Filter>public\scene</Filter>
    </ClInclude>
    <ClInclude Include="public\scene\scene_ground_test.h">
      <Filter>public\scene</Filter>
    </ClInclude>
    <ClInclude Include="public\scene\scene_joystick_test.h">
      <Filter>public\scene</Filter>
    </ClInclude>
    <ClInclude Include="public\scene\scene_model_test.h">
      <Filter>public\scene</Filter>
    </ClInclude>
    <ClInclude Include="public\scene\scene_pick_test.h">
      <Filter>public\scene</Filter>
    </ClInclude>
    <ClInclude Include="public\scene\scene_se_test.h">
      <Filter>public\scene</Filter>
    </ClInclude>
    <ClInclude Include="public\scene\scene_spherecollision_test.h">
      <Filter>public\scene</Filter>
    </ClInclude>
    <ClInclude Include="public\scene\scene_sprite_test.h">
      <Filter>public\scene</Filter>
    </ClInclude>
    <ClInclude Include="public\scene\scene_table.h">
      <Filter>public\scene</Filter>
    </ClInclude>
    <ClInclude Include="public\san_billboard.h">
      <Filter>public</Filter>
    </ClInclude>
    <ClInclude Include="public\san_collide.h">
      <Filter>public</Filter>
    </ClInclude>
    <ClInclude Include="public\san_model.h">
      <Filter>public</Filter>
    </ClInclude>
    <ClInclude Include="public\san_object.h">
      <Filter>public</Filter>
    </ClInclude>
    <ClInclude Include="public\san_sprite.h">
      <Filter>public</Filter>
    </ClInclude>
    <ClInclude Include="framework.h">
      <Filter>ヘッダー ファイル</Filter>
    </ClInclude>
    <ClInclude Include="resource.h">
      <Filter>ヘッダー ファイル</Filter>
    </ClInclude>
    <ClInclude Include="targetver.h">
      <Filter>ヘッダー ファイル</Filter>
    </ClInclude>
  </ItemGroup>
  <ItemGroup>
    <FxCompile Include="shader\ps_2d.psh">
      <Filter>shader</Filter>
    </FxCompile>
    <FxCompile Include="shader\ps_3d.psh">
      <Filter>shader</Filter>
    </FxCompile>
    <FxCompile Include="shader\ps_3d_cube.psh">
      <Filter>shader</Filter>
    </FxCompile>
    <FxCompile Include="shader\ps_3d_line.psh">
      <Filter>shader</Filter>
    </FxCompile>
    <FxCompile Include="shader\ps_3d_nolight.psh">
      <Filter>shader</Filter>
    </FxCompile>
    <FxCompile Include="shader\vs_2d.vsh">
      <Filter>shader</Filter>
    </FxCompile>
    <FxCompile Include="shader\vs_3d.vsh">
      <Filter>shader</Filter>
    </FxCompile>
    <FxCompile Include="shader\vs_3d_cube.vsh">
      <Filter>shader</Filter>
    </FxCompile>
    <FxCompile Include="shader\vs_3d_line.vsh">
      <Filter>shader</Filter>
    </FxCompile>
    <FxCompile Include="shader\vs_3d_nolight.vsh">
      <Filter>shader</Filter>
    </FxCompile>
  </ItemGroup>
  <ItemGroup>
    <Image Include="san_framework.ico">
      <Filter>リソース ファイル</Filter>
    </Image>
    <Image Include="small.ico">
      <Filter>リソース ファイル</Filter>
    </Image>
  </ItemGroup>
  <ItemGroup>
    <ResourceCompile Include="san_framework.rc">
      <Filter>リソース ファイル</Filter>
    </ResourceCompile>
  </ItemGroup>
</Project>