<?xml version="1.0" encoding="utf-8"?>
<Project ToolsVersion="4.0" xmlns="http://schemas.microsoft.com/developer/msbuild/2003">
  <ItemGroup>
    <Filter Include="ソース ファイル">
      <UniqueIdentifier>{4FC737F1-C7A5-4376-A066-2A32D752A2FF}</UniqueIdentifier>
      <Extensions>cpp;c;cc;cxx;c++;cppm;ixx;def;odl;idl;hpj;bat;asm;asmx</Extensions>
    </Filter>
    <Filter Include="ヘッダー ファイル">
      <UniqueIdentifier>{93995380-89BD-4b04-88EB-625FBE52EBFB}</UniqueIdentifier>
      <Extensions>h;hh;hpp;hxx;h++;hm;inl;inc;ipp;xsd</Extensions>
    </Filter>
    <Filter Include="リソース ファイル">
      <UniqueIdentifier>{67DA6AB6-F800-4c08-8B7A-83BB121AAD01}</UniqueIdentifier>
      <Extensions>rc;ico;cur;bmp;dlg;rc2;rct;bin;rgs;gif;jpg;jpeg;jpe;resx;tiff;tif;png;wav;mfcribbon-ms</Extensions>
    </Filter>
    <Filter Include="framework">
      <UniqueIdentifier>{cd415963-e73b-4547-8480-34824b022357}</UniqueIdentifier>
    </Filter>
    <Filter Include="framework\directX">
      <UniqueIdentifier>{fdc6d090-aa4d-4ca9-8b40-261ca794c269}</UniqueIdentifier>
    </Filter>
    <Filter Include="public">
      <UniqueIdentifier>{208c440e-10e6-4a64-9447-1df717b8b3bb}</UniqueIdentifier>
    </Filter>
    <Filter Include="public\scene">
      <UniqueIdentifier>{97786ad8-0b80-4243-9ce0-248d5e9fd2cd}</UniqueIdentifier>
    </Filter>
    <Filter Include="shader">
      <UniqueIdentifier>{d9c60c83-9f00-4f26-ad3b-5ac6c84c0920}</UniqueIdentifier>
    </Filter>
  </ItemGroup>
  <ItemGroup>
    <ClCompile Include="san_framework.cpp">
      <Filter>ソース ファイル</Filter>
    </ClCompile>
    <ClCompile Include="framework\directX\san_Direct3D.cpp">
      <Filter>framework\directX</Filter>
    </ClCompile>
    <ClCompile Include="framework\san_mainframe.cpp">
      <Filter>framework</Filter>
    </ClCompile>
    <ClCompile Include="public\scene\san_scene.cpp">
      <Filter>public\scene</Filter>
    </ClCompile>
    <ClCompile Include="public\scene\scene_table.cpp">
      <Filter>public\scene</Filter>
    </ClCompile>
    <ClCompile Include="framework\directX\san_DirectInput.cpp">
      <Filter>framework\directX</Filter>
    </ClCompile>
    <ClCompile Include="framework\san_mouse.cpp">
      <Filter>framework</Filter>
    </ClCompile>
    <ClCompile Include="framework\directX\san_Direct2D.cpp">
      <Filter>framework\directX</Filter>
    </ClCompile>
    <ClCompile Include="framework\directX\san_XAudio2.cpp">
      <Filter>framework\directX</Filter>
    </ClCompile>
    <ClCompile Include="framework\directX\san_XInput.cpp">
      <Filter>framework\directX</Filter>
    </ClCompile>
    <ClCompile Include="framework\san_camera.cpp">
      <Filter>framework</Filter>
    </ClCompile>
    <ClCompile Include="framework\san_font.cpp">
      <Filter>framework</Filter>
    </ClCompile>
    <ClCompile Include="framework\san_debugDraw.cpp">
      <Filter>framework</Filter>
    </ClCompile>
    <ClCompile Include="framework\directX\san_shader.cpp">
      <Filter>framework\directX</Filter>
    </ClCompile>
    <ClCompile Include="framework\san_joystick.cpp">
      <Filter>framework</Filter>
    </ClCompile>
    <ClCompile Include="framework\san_keyboard.cpp">
      <Filter>framework</Filter>
    </ClCompile>
    <ClCompile Include="framework\san_light.cpp">
      <Filter>framework</Filter>
    </ClCompile>
    <ClCompile Include="framework\san_sound.cpp">
      <Filter>framework</Filter>
    </ClCompile>
    <ClCompile Include="public\san_collide.cpp">
      <Filter>public</Filter>
    </ClCompile>
    <ClCompile Include="public\san_model.cpp">
      <Filter>public</Filter>
    </ClCompile>
    <ClCompile Include="public\san_object.cpp">
      <Filter>public</Filter>
    </ClCompile>
    <ClCompile Include="public\san_sprite.cpp">
      <Filter>public</Filter>
    </ClCompile>
  </ItemGroup>
  <ItemGroup>
    <ClInclude Include="framework\san_environment.h">
      <Filter>framework</Filter>
    </ClInclude>
    <ClInclude Include="framework.h">
      <Filter>ヘッダー ファイル</Filter>
    </ClInclude>
    <ClInclude Include="framework\directX\san_Direct3D.h">
      <Filter>framework\directX</Filter>
    </ClInclude>
    <ClInclude Include="targetver.h">
      <Filter>ヘッダー ファイル</Filter>
    </ClInclude>
    <ClInclude Include="framework\san_mainframe.h">
      <Filter>framework</Filter>
    </ClInclude>
    <ClInclude Include="public\scene\san_scene.h">
      <Filter>public\scene</Filter>
    </ClInclude>
    <ClInclude Include="public\scene\scene_table.h">
      <Filter>public\scene</Filter>
    </ClInclude>
    <ClInclude Include="resource.h">
      <Filter>ヘッダー ファイル</Filter>
    </ClInclude>
    <ClInclude Include="framework\directX\san_DirectInput.h">
      <Filter>framework\directX</Filter>
    </ClInclude>
    <ClInclude Include="framework\san_mouse.h">
      <Filter>framework</Filter>
    </ClInclude>
    <ClInclude Include="framework\directX\san_Direct2D.h">
      <Filter>framework\directX</Filter>
    </ClInclude>
    <ClInclude Include="framework\directX\san_XAudio2.h">
      <Filter>framework\directX</Filter>
    </ClInclude>
    <ClInclude Include="framework\directX\san_XInput.h">
      <Filter>framework\directX</Filter>
    </ClInclude>
    <ClInclude Include="framework\san_camera.h">
      <Filter>framework</Filter>
    </ClInclude>
    <ClInclude Include="framework\san_font.h">
      <Filter>framework</Filter>
    </ClInclude>
    <ClInclude Include="framework\san_debugDraw.h">
      <Filter>framework</Filter>
    </ClInclude>
    <ClInclude Include="framework\directX\san_shader.h">
      <Filter>framework\directX</Filter>
    </ClInclude>
    <ClInclude Include="framework\san_joystick.h">
      <Filter>framework</Filter>
    </ClInclude>
    <ClInclude Include="framework\san_keyboard.h">
      <Filter>framework</Filter>
    </ClInclude>
    <ClInclude Include="framework\san_light.h">
      <Filter>framework</Filter>
    </ClInclude>
    <ClInclude Include="framework\san_sound.h">
      <Filter>framework</Filter>
    </ClInclude>
    <ClInclude Include="public\san_collide.h">
      <Filter>public</Filter>
    </ClInclude>
    <ClInclude Include="public\san_model.h">
      <Filter>public</Filter>
    </ClInclude>
    <ClInclude Include="public\san_object.h">
      <Filter>public</Filter>
    </ClInclude>
    <ClInclude Include="public\san_sprite.h">
      <Filter>public</Filter>
    </ClInclude>
    <ClInclude Include="framework\san_modelData.h">
      <Filter>framework</Filter>
    </ClInclude>
  </ItemGroup>
  <ItemGroup>
    <Image Include="san_framework.ico">
      <Filter>リソース ファイル</Filter>
    </Image>
    <Image Include="small.ico">
      <Filter>リソース ファイル</Filter>
    </Image>
  </ItemGroup>
  <ItemGroup>
    <ResourceCompile Include="san_framework.rc">
      <Filter>リソース ファイル</Filter>
    </ResourceCompile>
  </ItemGroup>
  <ItemGroup>
    <FxCompile Include="shader\ps_2d.psh">
      <Filter>shader</Filter>
    </FxCompile>
    <FxCompile Include="shader\ps_3d.psh">
      <Filter>shader</Filter>
    </FxCompile>
    <FxCompile Include="shader\ps_3d_cube.psh">
      <Filter>shader</Filter>
    </FxCompile>
    <FxCompile Include="shader\ps_3d_line.psh">
      <Filter>shader</Filter>
    </FxCompile>
    <FxCompile Include="shader\ps_3d_nolight.psh">
      <Filter>shader</Filter>
    </FxCompile>
    <FxCompile Include="shader\vs_2d.vsh">
      <Filter>shader</Filter>
    </FxCompile>
    <FxCompile Include="shader\vs_3d.vsh">
      <Filter>shader</Filter>
    </FxCompile>
    <FxCompile Include="shader\vs_3d_cube.vsh">
      <Filter>shader</Filter>
    </FxCompile>
    <FxCompile Include="shader\vs_3d_line.vsh">
      <Filter>shader</Filter>
    </FxCompile>
    <FxCompile Include="shader\vs_3d_nolight.vsh">
      <Filter>shader</Filter>
    </FxCompile>
  </ItemGroup>
</Project>